
Microsoft Visual Studio Solution File, Format Version 12.00
# Visual Studio Version 17
VisualStudioVersion = 17.13.35931.197
MinimumVisualStudioVersion = 10.0.40219.1
Project("{FAE04EC0-301F-11D3-BF4B-00C04F79EFBC}") = "AccessQueueService", "AccessQueueService\AccessQueueService.csproj", "{6E556254-63D4-4CEB-9CAF-E912C00E0C30}"
EndProject
Project("{FAE04EC0-301F-11D3-BF4B-00C04F79EFBC}") = "AccessQueueServiceTests", "AccessQueueServiceTests\AccessQueueServiceTests.csproj", "{1DF48A19-A2B3-4B0C-B726-E65B8E023760}"
EndProject
Project("{FAE04EC0-301F-11D3-BF4B-00C04F79EFBC}") = "AccessQueuePlayground", "AccessQueuePlayground\AccessQueuePlayground.csproj", "{65D5E841-7B02-4A55-89C6-12082FA1BCAF}"
EndProject
Global
	GlobalSection(SolutionConfigurationPlatforms) = preSolution
		Debug|Any CPU = Debug|Any CPU
		Release|Any CPU = Release|Any CPU
	EndGlobalSection
	GlobalSection(ProjectConfigurationPlatforms) = postSolution
		{6E556254-63D4-4CEB-9CAF-E912C00E0C30}.Debug|Any CPU.ActiveCfg = Debug|Any CPU
		{6E556254-63D4-4CEB-9CAF-E912C00E0C30}.Debug|Any CPU.Build.0 = Debug|Any CPU
		{6E556254-63D4-4CEB-9CAF-E912C00E0C30}.Release|Any CPU.ActiveCfg = Release|Any CPU
		{6E556254-63D4-4CEB-9CAF-E912C00E0C30}.Release|Any CPU.Build.0 = Release|Any CPU
		{1DF48A19-A2B3-4B0C-B726-E65B8E023760}.Debug|Any CPU.ActiveCfg = Debug|Any CPU
		{1DF48A19-A2B3-4B0C-B726-E65B8E023760}.Debug|Any CPU.Build.0 = Debug|Any CPU
		{1DF48A19-A2B3-4B0C-B726-E65B8E023760}.Release|Any CPU.ActiveCfg = Release|Any CPU
		{1DF48A19-A2B3-4B0C-B726-E65B8E023760}.Release|Any CPU.Build.0 = Release|Any CPU
		{65D5E841-7B02-4A55-89C6-12082FA1BCAF}.Debug|Any CPU.ActiveCfg = Debug|Any CPU
		{65D5E841-7B02-4A55-89C6-12082FA1BCAF}.Debug|Any CPU.Build.0 = Debug|Any CPU
		{65D5E841-7B02-4A55-89C6-12082FA1BCAF}.Release|Any CPU.ActiveCfg = Release|Any CPU
		{65D5E841-7B02-4A55-89C6-12082FA1BCAF}.Release|Any CPU.Build.0 = Release|Any CPU
	EndGlobalSection
	GlobalSection(SolutionProperties) = preSolution
		HideSolutionNode = FALSE
	EndGlobalSection
	GlobalSection(ExtensibilityGlobals) = postSolution
		SolutionGuid = {0B4CB38D-5CDA-4E77-97C8-41A555171F52}
	EndGlobalSection
EndGlobal
